
Microsoft Visual Studio Solution File, Format Version 12.00
# Visual Studio Version 17
VisualStudioVersion = 17.5.33414.496
MinimumVisualStudioVersion = 10.0.40219.1
Project("{9A19103F-16F7-4668-BE54-9A1E7A4F7556}") = "EyIdentityApp", "EyIdentityApp\EyIdentityApp.csproj", "{64F20FEC-BE01-44DA-826D-08560412CC88}"
EndProject
Project("{9A19103F-16F7-4668-BE54-9A1E7A4F7556}") = "EyIdentity.CoreYedi", "EyIdentity.CoreYedi\EyIdentity.CoreYedi.csproj", "{880FAB56-9FA4-4D88-AEAE-AFC4A72EEAE7}"
EndProject
Global
	GlobalSection(SolutionConfigurationPlatforms) = preSolution
		Debug|Any CPU = Debug|Any CPU
		Release|Any CPU = Release|Any CPU
	EndGlobalSection
	GlobalSection(ProjectConfigurationPlatforms) = postSolution
		{64F20FEC-BE01-44DA-826D-08560412CC88}.Debug|Any CPU.ActiveCfg = Debug|Any CPU
		{64F20FEC-BE01-44DA-826D-08560412CC88}.Debug|Any CPU.Build.0 = Debug|Any CPU
		{64F20FEC-BE01-44DA-826D-08560412CC88}.Release|Any CPU.ActiveCfg = Release|Any CPU
		{64F20FEC-BE01-44DA-826D-08560412CC88}.Release|Any CPU.Build.0 = Release|Any CPU
		{880FAB56-9FA4-4D88-AEAE-AFC4A72EEAE7}.Debug|Any CPU.ActiveCfg = Debug|Any CPU
		{880FAB56-9FA4-4D88-AEAE-AFC4A72EEAE7}.Debug|Any CPU.Build.0 = Debug|Any CPU
		{880FAB56-9FA4-4D88-AEAE-AFC4A72EEAE7}.Release|Any CPU.ActiveCfg = Release|Any CPU
		{880FAB56-9FA4-4D88-AEAE-AFC4A72EEAE7}.Release|Any CPU.Build.0 = Release|Any CPU
	EndGlobalSection
	GlobalSection(SolutionProperties) = preSolution
		HideSolutionNode = FALSE
	EndGlobalSection
	GlobalSection(ExtensibilityGlobals) = postSolution
		SolutionGuid = {68A2BC91-5275-4BD4-8BCD-D22FDF16BE0C}
	EndGlobalSection
EndGlobal
