
Microsoft Visual Studio Solution File, Format Version 12.00
# Visual Studio Version 17
VisualStudioVersion = 17.5.33414.496
MinimumVisualStudioVersion = 10.0.40219.1
Project("{9A19103F-16F7-4668-BE54-9A1E7A4F7556}") = "EyIdentityApp", "EyIdentityApp\EyIdentityApp.csproj", "{64F20FEC-BE01-44DA-826D-08560412CC88}"
EndProject
Project("{9A19103F-16F7-4668-BE54-9A1E7A4F7556}") = "EyCoreYediIdentity", "EyCoreYediIdentity\EyCoreYediIdentity.csproj", "{09D13414-F7B9-4B85-84F5-49360C9848C9}"
EndProject
Project("{9A19103F-16F7-4668-BE54-9A1E7A4F7556}") = "EyCoreApi", "EyCoreApi\EyCoreApi.csproj", "{682CEB99-52A9-40C2-8227-5660AFFDD66E}"
EndProject
Project("{FAE04EC0-301F-11D3-BF4B-00C04F79EFBC}") = "EyCoreApi.Alti", "EyCoreApi.Alti\EyCoreApi.Alti.csproj", "{3DC5F039-7505-460E-9798-7CBE972CF52A}"
EndProject
Project("{2150E333-8FDC-42A3-9474-1A3956D46DE8}") = "EyNetCoreAlti", "EyNetCoreAlti", "{21D9EC82-268E-45DE-A1BA-CEAD3552E7CD}"
EndProject
Project("{FAE04EC0-301F-11D3-BF4B-00C04F79EFBC}") = "EyApi", "EyApi\EyApi.csproj", "{9F532A61-69C9-4646-9DC4-8F7301589328}"
EndProject
Project("{FAE04EC0-301F-11D3-BF4B-00C04F79EFBC}") = "Core", "Core\Core.csproj", "{231F20B0-C518-4362-A238-07FA16CD9BCA}"
EndProject
Project("{FAE04EC0-301F-11D3-BF4B-00C04F79EFBC}") = "EyPortal", "EyPortal\EyPortal.csproj", "{3060C340-3860-44F8-807A-D2B971E75983}"
EndProject
Global
	GlobalSection(SolutionConfigurationPlatforms) = preSolution
		Debug|Any CPU = Debug|Any CPU
		Release|Any CPU = Release|Any CPU
	EndGlobalSection
	GlobalSection(ProjectConfigurationPlatforms) = postSolution
		{64F20FEC-BE01-44DA-826D-08560412CC88}.Debug|Any CPU.ActiveCfg = Debug|Any CPU
		{64F20FEC-BE01-44DA-826D-08560412CC88}.Debug|Any CPU.Build.0 = Debug|Any CPU
		{64F20FEC-BE01-44DA-826D-08560412CC88}.Release|Any CPU.ActiveCfg = Release|Any CPU
		{64F20FEC-BE01-44DA-826D-08560412CC88}.Release|Any CPU.Build.0 = Release|Any CPU
		{09D13414-F7B9-4B85-84F5-49360C9848C9}.Debug|Any CPU.ActiveCfg = Debug|Any CPU
		{09D13414-F7B9-4B85-84F5-49360C9848C9}.Debug|Any CPU.Build.0 = Debug|Any CPU
		{09D13414-F7B9-4B85-84F5-49360C9848C9}.Release|Any CPU.ActiveCfg = Release|Any CPU
		{09D13414-F7B9-4B85-84F5-49360C9848C9}.Release|Any CPU.Build.0 = Release|Any CPU
		{682CEB99-52A9-40C2-8227-5660AFFDD66E}.Debug|Any CPU.ActiveCfg = Debug|Any CPU
		{682CEB99-52A9-40C2-8227-5660AFFDD66E}.Debug|Any CPU.Build.0 = Debug|Any CPU
		{682CEB99-52A9-40C2-8227-5660AFFDD66E}.Release|Any CPU.ActiveCfg = Release|Any CPU
		{682CEB99-52A9-40C2-8227-5660AFFDD66E}.Release|Any CPU.Build.0 = Release|Any CPU
		{3DC5F039-7505-460E-9798-7CBE972CF52A}.Debug|Any CPU.ActiveCfg = Debug|Any CPU
		{3DC5F039-7505-460E-9798-7CBE972CF52A}.Debug|Any CPU.Build.0 = Debug|Any CPU
		{3DC5F039-7505-460E-9798-7CBE972CF52A}.Release|Any CPU.ActiveCfg = Release|Any CPU
		{3DC5F039-7505-460E-9798-7CBE972CF52A}.Release|Any CPU.Build.0 = Release|Any CPU
		{9F532A61-69C9-4646-9DC4-8F7301589328}.Debug|Any CPU.ActiveCfg = Debug|Any CPU
		{9F532A61-69C9-4646-9DC4-8F7301589328}.Debug|Any CPU.Build.0 = Debug|Any CPU
		{9F532A61-69C9-4646-9DC4-8F7301589328}.Release|Any CPU.ActiveCfg = Release|Any CPU
		{9F532A61-69C9-4646-9DC4-8F7301589328}.Release|Any CPU.Build.0 = Release|Any CPU
		{231F20B0-C518-4362-A238-07FA16CD9BCA}.Debug|Any CPU.ActiveCfg = Debug|Any CPU
		{231F20B0-C518-4362-A238-07FA16CD9BCA}.Debug|Any CPU.Build.0 = Debug|Any CPU
		{231F20B0-C518-4362-A238-07FA16CD9BCA}.Release|Any CPU.ActiveCfg = Release|Any CPU
		{231F20B0-C518-4362-A238-07FA16CD9BCA}.Release|Any CPU.Build.0 = Release|Any CPU
		{3060C340-3860-44F8-807A-D2B971E75983}.Debug|Any CPU.ActiveCfg = Debug|Any CPU
		{3060C340-3860-44F8-807A-D2B971E75983}.Debug|Any CPU.Build.0 = Debug|Any CPU
		{3060C340-3860-44F8-807A-D2B971E75983}.Release|Any CPU.ActiveCfg = Release|Any CPU
		{3060C340-3860-44F8-807A-D2B971E75983}.Release|Any CPU.Build.0 = Release|Any CPU
	EndGlobalSection
	GlobalSection(SolutionProperties) = preSolution
		HideSolutionNode = FALSE
	EndGlobalSection
	GlobalSection(NestedProjects) = preSolution
		{9F532A61-69C9-4646-9DC4-8F7301589328} = {21D9EC82-268E-45DE-A1BA-CEAD3552E7CD}
		{231F20B0-C518-4362-A238-07FA16CD9BCA} = {21D9EC82-268E-45DE-A1BA-CEAD3552E7CD}
		{3060C340-3860-44F8-807A-D2B971E75983} = {21D9EC82-268E-45DE-A1BA-CEAD3552E7CD}
	EndGlobalSection
	GlobalSection(ExtensibilityGlobals) = postSolution
		SolutionGuid = {68A2BC91-5275-4BD4-8BCD-D22FDF16BE0C}
	EndGlobalSection
EndGlobal
